// !$*UTF8*$!
{
	archiveVersion = 1;
	classes = {
	};
	objectVersion = 50;
	objects = {

/* Begin PBXBuildFile section */
		257582F0236C89FE00ECB887 /* testViewNav.swift in Sources */ = {isa = PBXBuildFile; fileRef = 257582EF236C89FE00ECB887 /* testViewNav.swift */; };
		257582F2236C8AA300ECB887 /* ModelView.swift in Sources */ = {isa = PBXBuildFile; fileRef = 257582F1236C8AA300ECB887 /* ModelView.swift */; };
		2587D6732367A4C600D2E5A9 /* propsTest.swift in Sources */ = {isa = PBXBuildFile; fileRef = 2587D6722367A4C600D2E5A9 /* propsTest.swift */; };
		2587D6762367A52000D2E5A9 /* propText.swift in Sources */ = {isa = PBXBuildFile; fileRef = 2587D6752367A52000D2E5A9 /* propText.swift */; };
		2587D6782367A5AA00D2E5A9 /* proptextField.swift in Sources */ = {isa = PBXBuildFile; fileRef = 2587D6772367A5AA00D2E5A9 /* proptextField.swift */; };
		2588D5F92363655C00DA9843 /* AppDelegate.swift in Sources */ = {isa = PBXBuildFile; fileRef = 2588D5F82363655C00DA9843 /* AppDelegate.swift */; };
		2588D5FB2363655C00DA9843 /* SceneDelegate.swift in Sources */ = {isa = PBXBuildFile; fileRef = 2588D5FA2363655C00DA9843 /* SceneDelegate.swift */; };
		2588D5FE2363655C00DA9843 /* loginPage.xcdatamodeld in Sources */ = {isa = PBXBuildFile; fileRef = 2588D5FC2363655C00DA9843 /* loginPage.xcdatamodeld */; };
		2588D6002363655C00DA9843 /* ContentView.swift in Sources */ = {isa = PBXBuildFile; fileRef = 2588D5FF2363655C00DA9843 /* ContentView.swift */; };
		2588D6022363655F00DA9843 /* Assets.xcassets in Resources */ = {isa = PBXBuildFile; fileRef = 2588D6012363655F00DA9843 /* Assets.xcassets */; };
		2588D6052363655F00DA9843 /* Preview Assets.xcassets in Resources */ = {isa = PBXBuildFile; fileRef = 2588D6042363655F00DA9843 /* Preview Assets.xcassets */; };
		2588D6082363655F00DA9843 /* LaunchScreen.storyboard in Resources */ = {isa = PBXBuildFile; fileRef = 2588D6062363655F00DA9843 /* LaunchScreen.storyboard */; };
		2588D6112363657C00DA9843 /* SwiftUIView.swift in Sources */ = {isa = PBXBuildFile; fileRef = 2588D6102363657C00DA9843 /* SwiftUIView.swift */; };
		2588D6142363662300DA9843 /* UserSettings.swift in Sources */ = {isa = PBXBuildFile; fileRef = 2588D6132363662300DA9843 /* UserSettings.swift */; };
		25F01A2D236A085000BD648B /* LoginInputForm.swift in Sources */ = {isa = PBXBuildFile; fileRef = 25F01A2C236A085000BD648B /* LoginInputForm.swift */; };
		25F01A2F236B3D1800BD648B /* loginFunc.swift in Sources */ = {isa = PBXBuildFile; fileRef = 25F01A2E236B3D1800BD648B /* loginFunc.swift */; };
		25F01A31236B3EFF00BD648B /* UserData.swift in Sources */ = {isa = PBXBuildFile; fileRef = 25F01A30236B3EFF00BD648B /* UserData.swift */; };
/* End PBXBuildFile section */

/* Begin PBXFileReference section */
		255381B5236D0F4700809326 /* loginPage.entitlements */ = {isa = PBXFileReference; lastKnownFileType = text.plist.entitlements; path = loginPage.entitlements; sourceTree = "<group>"; };
		257582EF236C89FE00ECB887 /* testViewNav.swift */ = {isa = PBXFileReference; lastKnownFileType = sourcecode.swift; path = testViewNav.swift; sourceTree = "<group>"; };
		257582F1236C8AA300ECB887 /* ModelView.swift */ = {isa = PBXFileReference; lastKnownFileType = sourcecode.swift; path = ModelView.swift; sourceTree = "<group>"; };
		2587D6722367A4C600D2E5A9 /* propsTest.swift */ = {isa = PBXFileReference; lastKnownFileType = sourcecode.swift; path = propsTest.swift; sourceTree = "<group>"; };
		2587D6752367A52000D2E5A9 /* propText.swift */ = {isa = PBXFileReference; lastKnownFileType = sourcecode.swift; path = propText.swift; sourceTree = "<group>"; };
		2587D6772367A5AA00D2E5A9 /* proptextField.swift */ = {isa = PBXFileReference; lastKnownFileType = sourcecode.swift; path = proptextField.swift; sourceTree = "<group>"; };
		2588D5F52363655C00DA9843 /* loginPage.app */ = {isa = PBXFileReference; explicitFileType = wrapper.application; includeInIndex = 0; path = loginPage.app; sourceTree = BUILT_PRODUCTS_DIR; };
		2588D5F82363655C00DA9843 /* AppDelegate.swift */ = {isa = PBXFileReference; lastKnownFileType = sourcecode.swift; path = AppDelegate.swift; sourceTree = "<group>"; };
		2588D5FA2363655C00DA9843 /* SceneDelegate.swift */ = {isa = PBXFileReference; lastKnownFileType = sourcecode.swift; path = SceneDelegate.swift; sourceTree = "<group>"; };
		2588D5FD2363655C00DA9843 /* loginPage.xcdatamodel */ = {isa = PBXFileReference; lastKnownFileType = wrapper.xcdatamodel; path = loginPage.xcdatamodel; sourceTree = "<group>"; };
		2588D5FF2363655C00DA9843 /* ContentView.swift */ = {isa = PBXFileReference; lastKnownFileType = sourcecode.swift; path = ContentView.swift; sourceTree = "<group>"; };
		2588D6012363655F00DA9843 /* Assets.xcassets */ = {isa = PBXFileReference; lastKnownFileType = folder.assetcatalog; path = Assets.xcassets; sourceTree = "<group>"; };
		2588D6042363655F00DA9843 /* Preview Assets.xcassets */ = {isa = PBXFileReference; lastKnownFileType = folder.assetcatalog; path = "Preview Assets.xcassets"; sourceTree = "<group>"; };
		2588D6072363655F00DA9843 /* Base */ = {isa = PBXFileReference; lastKnownFileType = file.storyboard; name = Base; path = Base.lproj/LaunchScreen.storyboard; sourceTree = "<group>"; };
		2588D6092363655F00DA9843 /* Info.plist */ = {isa = PBXFileReference; lastKnownFileType = text.plist.xml; path = Info.plist; sourceTree = "<group>"; };
		2588D6102363657C00DA9843 /* SwiftUIView.swift */ = {isa = PBXFileReference; lastKnownFileType = sourcecode.swift; path = SwiftUIView.swift; sourceTree = "<group>"; };
		2588D6132363662300DA9843 /* UserSettings.swift */ = {isa = PBXFileReference; lastKnownFileType = sourcecode.swift; path = UserSettings.swift; sourceTree = "<group>"; };
		25F01A2C236A085000BD648B /* LoginInputForm.swift */ = {isa = PBXFileReference; lastKnownFileType = sourcecode.swift; path = LoginInputForm.swift; sourceTree = "<group>"; };
		25F01A2E236B3D1800BD648B /* loginFunc.swift */ = {isa = PBXFileReference; lastKnownFileType = sourcecode.swift; path = loginFunc.swift; sourceTree = "<group>"; };
		25F01A30236B3EFF00BD648B /* UserData.swift */ = {isa = PBXFileReference; lastKnownFileType = sourcecode.swift; path = UserData.swift; sourceTree = "<group>"; };
/* End PBXFileReference section */

/* Begin PBXFrameworksBuildPhase section */
		2588D5F22363655C00DA9843 /* Frameworks */ = {
			isa = PBXFrameworksBuildPhase;
			buildActionMask = 2147483647;
			files = (
			);
			runOnlyForDeploymentPostprocessing = 0;
		};
/* End PBXFrameworksBuildPhase section */

/* Begin PBXGroup section */
		257582EE236C89EC00ECB887 /* test */ = {
			isa = PBXGroup;
			children = (
				257582EF236C89FE00ECB887 /* testViewNav.swift */,
				257582F1236C8AA300ECB887 /* ModelView.swift */,
			);
			path = test;
			sourceTree = "<group>";
		};
		2587D6742367A51300D2E5A9 /* props */ = {
			isa = PBXGroup;
			children = (
				2587D6722367A4C600D2E5A9 /* propsTest.swift */,
				2587D6752367A52000D2E5A9 /* propText.swift */,
				2587D6772367A5AA00D2E5A9 /* proptextField.swift */,
			);
			path = props;
			sourceTree = "<group>";
		};
		2588D5EC2363655C00DA9843 = {
			isa = PBXGroup;
			children = (
				2588D5F72363655C00DA9843 /* loginPage */,
				2588D5F62363655C00DA9843 /* Products */,
			);
			sourceTree = "<group>";
		};
		2588D5F62363655C00DA9843 /* Products */ = {
			isa = PBXGroup;
			children = (
				2588D5F52363655C00DA9843 /* loginPage.app */,
			);
			name = Products;
			sourceTree = "<group>";
		};
		2588D5F72363655C00DA9843 /* loginPage */ = {
			isa = PBXGroup;
			children = (
				255381B5236D0F4700809326 /* loginPage.entitlements */,
				257582EE236C89EC00ECB887 /* test */,
				2587D6742367A51300D2E5A9 /* props */,
				2588D6122363660C00DA9843 /* Models */,
				2588D60F2363656F00DA9843 /* loginCmp */,
				2588D5F82363655C00DA9843 /* AppDelegate.swift */,
				2588D5FA2363655C00DA9843 /* SceneDelegate.swift */,
				2588D5FF2363655C00DA9843 /* ContentView.swift */,
				2588D6012363655F00DA9843 /* Assets.xcassets */,
				2588D6062363655F00DA9843 /* LaunchScreen.storyboard */,
				2588D6092363655F00DA9843 /* Info.plist */,
				2588D5FC2363655C00DA9843 /* loginPage.xcdatamodeld */,
				2588D6032363655F00DA9843 /* Preview Content */,
			);
			path = loginPage;
			sourceTree = "<group>";
		};
		2588D6032363655F00DA9843 /* Preview Content */ = {
			isa = PBXGroup;
			children = (
				2588D6042363655F00DA9843 /* Preview Assets.xcassets */,
			);
			path = "Preview Content";
			sourceTree = "<group>";
		};
		2588D60F2363656F00DA9843 /* loginCmp */ = {
			isa = PBXGroup;
			children = (
				2588D6102363657C00DA9843 /* SwiftUIView.swift */,
				25F01A2C236A085000BD648B /* LoginInputForm.swift */,
				25F01A2E236B3D1800BD648B /* loginFunc.swift */,
			);
			path = loginCmp;
			sourceTree = "<group>";
		};
		2588D6122363660C00DA9843 /* Models */ = {
			isa = PBXGroup;
			children = (
				2588D6132363662300DA9843 /* UserSettings.swift */,
				25F01A30236B3EFF00BD648B /* UserData.swift */,
			);
			path = Models;
			sourceTree = "<group>";
		};
/* End PBXGroup section */

/* Begin PBXNativeTarget section */
		2588D5F42363655C00DA9843 /* loginPage */ = {
			isa = PBXNativeTarget;
			buildConfigurationList = 2588D60C2363655F00DA9843 /* Build configuration list for PBXNativeTarget "loginPage" */;
			buildPhases = (
				2588D5F12363655C00DA9843 /* Sources */,
				2588D5F22363655C00DA9843 /* Frameworks */,
				2588D5F32363655C00DA9843 /* Resources */,
			);
			buildRules = (
			);
			dependencies = (
			);
			name = loginPage;
			productName = loginPage;
			productReference = 2588D5F52363655C00DA9843 /* loginPage.app */;
			productType = "com.apple.product-type.application";
		};
/* End PBXNativeTarget section */

/* Begin PBXProject section */
		2588D5ED2363655C00DA9843 /* Project object */ = {
			isa = PBXProject;
			attributes = {
				LastSwiftUpdateCheck = 1110;
				LastUpgradeCheck = 1110;
				ORGANIZATIONNAME = "Jad El mir";
				TargetAttributes = {
					2588D5F42363655C00DA9843 = {
						CreatedOnToolsVersion = 11.1;
					};
				};
			};
			buildConfigurationList = 2588D5F02363655C00DA9843 /* Build configuration list for PBXProject "loginPage" */;
			compatibilityVersion = "Xcode 9.3";
			developmentRegion = en;
			hasScannedForEncodings = 0;
			knownRegions = (
				en,
				Base,
			);
			mainGroup = 2588D5EC2363655C00DA9843;
			productRefGroup = 2588D5F62363655C00DA9843 /* Products */;
			projectDirPath = "";
			projectRoot = "";
			targets = (
				2588D5F42363655C00DA9843 /* loginPage */,
			);
		};
/* End PBXProject section */

/* Begin PBXResourcesBuildPhase section */
		2588D5F32363655C00DA9843 /* Resources */ = {
			isa = PBXResourcesBuildPhase;
			buildActionMask = 2147483647;
			files = (
				2588D6082363655F00DA9843 /* LaunchScreen.storyboard in Resources */,
				2588D6052363655F00DA9843 /* Preview Assets.xcassets in Resources */,
				2588D6022363655F00DA9843 /* Assets.xcassets in Resources */,
			);
			runOnlyForDeploymentPostprocessing = 0;
		};
/* End PBXResourcesBuildPhase section */

/* Begin PBXSourcesBuildPhase section */
		2588D5F12363655C00DA9843 /* Sources */ = {
			isa = PBXSourcesBuildPhase;
			buildActionMask = 2147483647;
			files = (
				2588D5F92363655C00DA9843 /* AppDelegate.swift in Sources */,
				2588D6142363662300DA9843 /* UserSettings.swift in Sources */,
				2588D5FE2363655C00DA9843 /* loginPage.xcdatamodeld in Sources */,
				2588D6002363655C00DA9843 /* ContentView.swift in Sources */,
				2587D6782367A5AA00D2E5A9 /* proptextField.swift in Sources */,
				2587D6732367A4C600D2E5A9 /* propsTest.swift in Sources */,
				25F01A31236B3EFF00BD648B /* UserData.swift in Sources */,
				25F01A2D236A085000BD648B /* LoginInputForm.swift in Sources */,
				25F01A2F236B3D1800BD648B /* loginFunc.swift in Sources */,
				2588D5FB2363655C00DA9843 /* SceneDelegate.swift in Sources */,
				257582F2236C8AA300ECB887 /* ModelView.swift in Sources */,
				2588D6112363657C00DA9843 /* SwiftUIView.swift in Sources */,
				2587D6762367A52000D2E5A9 /* propText.swift in Sources */,
				257582F0236C89FE00ECB887 /* testViewNav.swift in Sources */,
			);
			runOnlyForDeploymentPostprocessing = 0;
		};
/* End PBXSourcesBuildPhase section */

/* Begin PBXVariantGroup section */
		2588D6062363655F00DA9843 /* LaunchScreen.storyboard */ = {
			isa = PBXVariantGroup;
			children = (
				2588D6072363655F00DA9843 /* Base */,
			);
			name = LaunchScreen.storyboard;
			sourceTree = "<group>";
		};
/* End PBXVariantGroup section */

/* Begin XCBuildConfiguration section */
		2588D60A2363655F00DA9843 /* Debug */ = {
			isa = XCBuildConfiguration;
			buildSettings = {
				ALWAYS_SEARCH_USER_PATHS = NO;
				CLANG_ANALYZER_NONNULL = YES;
				CLANG_ANALYZER_NUMBER_OBJECT_CONVERSION = YES_AGGRESSIVE;
				CLANG_CXX_LANGUAGE_STANDARD = "gnu++14";
				CLANG_CXX_LIBRARY = "libc++";
				CLANG_ENABLE_MODULES = YES;
				CLANG_ENABLE_OBJC_ARC = YES;
				CLANG_ENABLE_OBJC_WEAK = YES;
				CLANG_WARN_BLOCK_CAPTURE_AUTORELEASING = YES;
				CLANG_WARN_BOOL_CONVERSION = YES;
				CLANG_WARN_COMMA = YES;
				CLANG_WARN_CONSTANT_CONVERSION = YES;
				CLANG_WARN_DEPRECATED_OBJC_IMPLEMENTATIONS = YES;
				CLANG_WARN_DIRECT_OBJC_ISA_USAGE = YES_ERROR;
				CLANG_WARN_DOCUMENTATION_COMMENTS = YES;
				CLANG_WARN_EMPTY_BODY = YES;
				CLANG_WARN_ENUM_CONVERSION = YES;
				CLANG_WARN_INFINITE_RECURSION = YES;
				CLANG_WARN_INT_CONVERSION = YES;
				CLANG_WARN_NON_LITERAL_NULL_CONVERSION = YES;
				CLANG_WARN_OBJC_IMPLICIT_RETAIN_SELF = YES;
				CLANG_WARN_OBJC_LITERAL_CONVERSION = YES;
				CLANG_WARN_OBJC_ROOT_CLASS = YES_ERROR;
				CLANG_WARN_RANGE_LOOP_ANALYSIS = YES;
				CLANG_WARN_STRICT_PROTOTYPES = YES;
				CLANG_WARN_SUSPICIOUS_MOVE = YES;
				CLANG_WARN_UNGUARDED_AVAILABILITY = YES_AGGRESSIVE;
				CLANG_WARN_UNREACHABLE_CODE = YES;
				CLANG_WARN__DUPLICATE_METHOD_MATCH = YES;
				COPY_PHASE_STRIP = NO;
				DEBUG_INFORMATION_FORMAT = dwarf;
				ENABLE_STRICT_OBJC_MSGSEND = YES;
				ENABLE_TESTABILITY = YES;
				GCC_C_LANGUAGE_STANDARD = gnu11;
				GCC_DYNAMIC_NO_PIC = NO;
				GCC_NO_COMMON_BLOCKS = YES;
				GCC_OPTIMIZATION_LEVEL = 0;
				GCC_PREPROCESSOR_DEFINITIONS = (
					"DEBUG=1",
					"$(inherited)",
				);
				GCC_WARN_64_TO_32_BIT_CONVERSION = YES;
				GCC_WARN_ABOUT_RETURN_TYPE = YES_ERROR;
				GCC_WARN_UNDECLARED_SELECTOR = YES;
				GCC_WARN_UNINITIALIZED_AUTOS = YES_AGGRESSIVE;
				GCC_WARN_UNUSED_FUNCTION = YES;
				GCC_WARN_UNUSED_VARIABLE = YES;
				IPHONEOS_DEPLOYMENT_TARGET = 13.1;
				MTL_ENABLE_DEBUG_INFO = INCLUDE_SOURCE;
				MTL_FAST_MATH = YES;
				ONLY_ACTIVE_ARCH = YES;
				SDKROOT = iphoneos;
				SWIFT_ACTIVE_COMPILATION_CONDITIONS = DEBUG;
				SWIFT_OPTIMIZATION_LEVEL = "-Onone";
			};
			name = Debug;
		};
		2588D60B2363655F00DA9843 /* Release */ = {
			isa = XCBuildConfiguration;
			buildSettings = {
				ALWAYS_SEARCH_USER_PATHS = NO;
				CLANG_ANALYZER_NONNULL = YES;
				CLANG_ANALYZER_NUMBER_OBJECT_CONVERSION = YES_AGGRESSIVE;
				CLANG_CXX_LANGUAGE_STANDARD = "gnu++14";
				CLANG_CXX_LIBRARY = "libc++";
				CLANG_ENABLE_MODULES = YES;
				CLANG_ENABLE_OBJC_ARC = YES;
				CLANG_ENABLE_OBJC_WEAK = YES;
				CLANG_WARN_BLOCK_CAPTURE_AUTORELEASING = YES;
				CLANG_WARN_BOOL_CONVERSION = YES;
				CLANG_WARN_COMMA = YES;
				CLANG_WARN_CONSTANT_CONVERSION = YES;
				CLANG_WARN_DEPRECATED_OBJC_IMPLEMENTATIONS = YES;
				CLANG_WARN_DIRECT_OBJC_ISA_USAGE = YES_ERROR;
				CLANG_WARN_DOCUMENTATION_COMMENTS = YES;
				CLANG_WARN_EMPTY_BODY = YES;
				CLANG_WARN_ENUM_CONVERSION = YES;
				CLANG_WARN_INFINITE_RECURSION = YES;
				CLANG_WARN_INT_CONVERSION = YES;
				CLANG_WARN_NON_LITERAL_NULL_CONVERSION = YES;
				CLANG_WARN_OBJC_IMPLICIT_RETAIN_SELF = YES;
				CLANG_WARN_OBJC_LITERAL_CONVERSION = YES;
				CLANG_WARN_OBJC_ROOT_CLASS = YES_ERROR;
				CLANG_WARN_RANGE_LOOP_ANALYSIS = YES;
				CLANG_WARN_STRICT_PROTOTYPES = YES;
				CLANG_WARN_SUSPICIOUS_MOVE = YES;
				CLANG_WARN_UNGUARDED_AVAILABILITY = YES_AGGRESSIVE;
				CLANG_WARN_UNREACHABLE_CODE = YES;
				CLANG_WARN__DUPLICATE_METHOD_MATCH = YES;
				COPY_PHASE_STRIP = NO;
				DEBUG_INFORMATION_FORMAT = "dwarf-with-dsym";
				ENABLE_NS_ASSERTIONS = NO;
				ENABLE_STRICT_OBJC_MSGSEND = YES;
				GCC_C_LANGUAGE_STANDARD = gnu11;
				GCC_NO_COMMON_BLOCKS = YES;
				GCC_WARN_64_TO_32_BIT_CONVERSION = YES;
				GCC_WARN_ABOUT_RETURN_TYPE = YES_ERROR;
				GCC_WARN_UNDECLARED_SELECTOR = YES;
				GCC_WARN_UNINITIALIZED_AUTOS = YES_AGGRESSIVE;
				GCC_WARN_UNUSED_FUNCTION = YES;
				GCC_WARN_UNUSED_VARIABLE = YES;
				IPHONEOS_DEPLOYMENT_TARGET = 13.1;
				MTL_ENABLE_DEBUG_INFO = NO;
				MTL_FAST_MATH = YES;
				SDKROOT = iphoneos;
				SWIFT_COMPILATION_MODE = wholemodule;
				SWIFT_OPTIMIZATION_LEVEL = "-O";
				VALIDATE_PRODUCT = YES;
			};
			name = Release;
		};
		2588D60D2363655F00DA9843 /* Debug */ = {
			isa = XCBuildConfiguration;
			buildSettings = {
				ASSETCATALOG_COMPILER_APPICON_NAME = AppIcon;
				CODE_SIGN_ENTITLEMENTS = loginPage/loginPage.entitlements;
				CODE_SIGN_STYLE = Automatic;
				DEVELOPMENT_ASSET_PATHS = "\"loginPage/Preview Content\"";
				ENABLE_PREVIEWS = YES;
				INFOPLIST_FILE = loginPage/Info.plist;
				LD_RUNPATH_SEARCH_PATHS = (
					"$(inherited)",
					"@executable_path/Frameworks",
				);
				PRODUCT_BUNDLE_IDENTIFIER = com.jadelmir.loginPage;
				PRODUCT_NAME = "$(TARGET_NAME)";
				SWIFT_VERSION = 5.0;
				TARGETED_DEVICE_FAMILY = "1,2";
			};
			name = Debug;
		};
		2588D60E2363655F00DA9843 /* Release */ = {
			isa = XCBuildConfiguration;
			buildSettings = {
				ASSETCATALOG_COMPILER_APPICON_NAME = AppIcon;
				CODE_SIGN_ENTITLEMENTS = loginPage/loginPage.entitlements;
				CODE_SIGN_STYLE = Automatic;
				DEVELOPMENT_ASSET_PATHS = "\"loginPage/Preview Content\"";
				ENABLE_PREVIEWS = YES;
				INFOPLIST_FILE = loginPage/Info.plist;
				LD_RUNPATH_SEARCH_PATHS = (
					"$(inherited)",
					"@executable_path/Frameworks",
				);
				PRODUCT_BUNDLE_IDENTIFIER = com.jadelmir.loginPage;
				PRODUCT_NAME = "$(TARGET_NAME)";
				SWIFT_VERSION = 5.0;
				TARGETED_DEVICE_FAMILY = "1,2";
			};
			name = Release;
		};
/* End XCBuildConfiguration section */

/* Begin XCConfigurationList section */
		2588D5F02363655C00DA9843 /* Build configuration list for PBXProject "loginPage" */ = {
			isa = XCConfigurationList;
			buildConfigurations = (
				2588D60A2363655F00DA9843 /* Debug */,
				2588D60B2363655F00DA9843 /* Release */,
			);
			defaultConfigurationIsVisible = 0;
			defaultConfigurationName = Release;
		};
		2588D60C2363655F00DA9843 /* Build configuration list for PBXNativeTarget "loginPage" */ = {
			isa = XCConfigurationList;
			buildConfigurations = (
				2588D60D2363655F00DA9843 /* Debug */,
				2588D60E2363655F00DA9843 /* Release */,
			);
			defaultConfigurationIsVisible = 0;
			defaultConfigurationName = Release;
		};
/* End XCConfigurationList section */

/* Begin XCVersionGroup section */
		2588D5FC2363655C00DA9843 /* loginPage.xcdatamodeld */ = {
			isa = XCVersionGroup;
			children = (
				2588D5FD2363655C00DA9843 /* loginPage.xcdatamodel */,
			);
			currentVersion = 2588D5FD2363655C00DA9843 /* loginPage.xcdatamodel */;
			path = loginPage.xcdatamodeld;
			sourceTree = "<group>";
			versionGroupType = wrapper.xcdatamodel;
		};
/* End XCVersionGroup section */
	};
	rootObject = 2588D5ED2363655C00DA9843 /* Project object */;
}
